
Microsoft Visual Studio Solution File, Format Version 12.00
# Visual Studio 15
VisualStudioVersion = 15.0.27703.2042
MinimumVisualStudioVersion = 10.0.40219.1
Project("{FAE04EC0-301F-11D3-BF4B-00C04F79EFBC}") = "Sistema_Inventario", "Sistema_Inventario\Sistema_Inventario.csproj", "{6A1DA398-B5E5-453E-BFBC-DA2DD812A2AF}"
EndProject
Global
	GlobalSection(SolutionConfigurationPlatforms) = preSolution
		Debug|Any CPU = Debug|Any CPU
		Release|Any CPU = Release|Any CPU
	EndGlobalSection
	GlobalSection(ProjectConfigurationPlatforms) = postSolution
		{6A1DA398-B5E5-453E-BFBC-DA2DD812A2AF}.Debug|Any CPU.ActiveCfg = Debug|Any CPU
		{6A1DA398-B5E5-453E-BFBC-DA2DD812A2AF}.Debug|Any CPU.Build.0 = Debug|Any CPU
		{6A1DA398-B5E5-453E-BFBC-DA2DD812A2AF}.Release|Any CPU.ActiveCfg = Release|Any CPU
		{6A1DA398-B5E5-453E-BFBC-DA2DD812A2AF}.Release|Any CPU.Build.0 = Release|Any CPU
	EndGlobalSection
	GlobalSection(SolutionProperties) = preSolution
		HideSolutionNode = FALSE
	EndGlobalSection
	GlobalSection(ExtensibilityGlobals) = postSolution
		SolutionGuid = {C28EE4FD-5058-4286-A122-100C169BE809}
	EndGlobalSection
EndGlobal
